{"1.2.0",
[{<<"cowboy">>,{pkg,<<"cowboy">>,<<"2.8.0">>},0},
 {<<"cowboy_swagger">>,{pkg,<<"cowboy_swagger">>,<<"2.5.0">>},0},
 {<<"cowlib">>,{pkg,<<"cowlib">>,<<"2.9.1">>},1},
 {<<"jsx">>,{pkg,<<"jsx">>,<<"3.1.0">>},0},
 {<<"mixer">>,{pkg,<<"inaka_mixer">>,<<"1.2.0">>},0},
 {<<"ranch">>,{pkg,<<"ranch">>,<<"2.1.0">>},0},
 {<<"trails">>,{pkg,<<"trails">>,<<"2.3.0">>},0}]}.
[
{pkg_hash,[
 {<<"cowboy">>, <<"F3DC62E35797ECD9AC1B50DB74611193C29815401E53BAC9A5C0577BD7BC667D">>},
 {<<"cowboy_swagger">>, <<"2082DA720A61C652CE0CA480536C77BEA74496709BB985DAFA7BC58CD716C0B4">>},
 {<<"cowlib">>, <<"61A6C7C50CF07FDD24B2F45B89500BB93B6686579B069A89F88CB211E1125C78">>},
 {<<"jsx">>, <<"D12516BAA0BB23A59BB35DCCAF02A1BD08243FCBB9EFE24F2D9D056CCFF71268">>},
 {<<"mixer">>, <<"FC11970AE637FA3081F608A96BD67CA4442C7D7BF9C482E6DD26E6C4B517213D">>},
 {<<"ranch">>, <<"2261F9ED9574DCFCC444106B9F6DA155E6E540B2F82BA3D42B339B93673B72A3">>},
 {<<"trails">>, <<"B09703F056705F4943E14FFF077B98C711A6F48FAD40F4FF0B350794074AD69C">>}]},
{pkg_hash_ext,[
 {<<"cowboy">>, <<"4643E4FBA74AC96D4D152C75803DE6FAD0B3FA5DF354C71AFDD6CBEEB15FAC8A">>},
 {<<"cowboy_swagger">>, <<"551FC1F026F5706C602543EE5BB88AA7F77DF3BCCEB5B6AA11A60AC8437884D9">>},
 {<<"cowlib">>, <<"E4175DC240A70D996156160891E1C62238EDE1729E45740BDD38064DAD476170">>},
 {<<"jsx">>, <<"0C5CC8FDC11B53CC25CF65AC6705AD39E54ECC56D1C22E4ADB8F5A53FB9427F3">>},
 {<<"mixer">>, <<"FB2332717158BBA05CEE8A76CCA76C3E0BE0EAD8EC23EE2415EA9AE65D726A48">>},
 {<<"ranch">>, <<"244EE3FA2A6175270D8E1FC59024FD9DBC76294A321057DE8F803B1479E76916">>},
 {<<"trails">>, <<"40804001EB80417AA9D02400F39B7216956C3F251539A8A6096A69B3FAC0EA07">>}]}
].
